{
  "meteor": {},
  "dependencies": {
    "basePackages": {
      "iron-router": {},
      "fontawesome4": {},
      "nvd3js": {},
      "moment": {},
      "filter-collections": {},
      "winston": {},
      "winston-client": {}
    },
    "packages": {
      "iron-router": {
        "git": "https://github.com/EventedMind/iron-router.git",
        "tag": "v0.7.1",
        "commit": "d1ffb3f06ea4c112132b030f2eb1a70b81675ecb"
      },
      "fontawesome4": {
        "git": "https://github.com/chrismbeckett/meteor-fontawesome4.git",
        "tag": "v1.1.0",
        "commit": "7d2cb9119b7981b8f854b7051d302d4842311249"
      },
      "nvd3js": {
        "git": "https://github.com/ouuyeah/nvd3js.git",
        "tag": "v0.1.0",
        "commit": "89a8c66bb3b35d25900d31195ae0b318e4176ddb"
      },
      "moment": {
        "git": "https://github.com/acreeger/meteor-moment.git",
        "tag": "v2.6.0",
        "commit": "26156df681750fd6e6ed77043eef32b6653ebbdf"
      },
      "filter-collections": {
        "git": "https://github.com/julianmontagna/filter-collections.git",
        "tag": "v0.1.4",
        "commit": "87bc9cee7a23459e427d4613383be3f67f29245c"
      },
      "winston": {
        "git": "https://github.com/tomrogers3/meteor-winston.git",
        "tag": "v0.0.3",
        "commit": "60dc02303ca003ef05254f94fbb9bfd40915d5d3"
      },
      "winston-client": {
        "git": "https://github.com/farpoint/meteor-winston-client.git",
        "tag": "v0.0.4",
        "commit": "bc9959bf320e7745052d42e84038b27eec0b1a68"
      },
      "blaze-layout": {
        "git": "https://github.com/EventedMind/blaze-layout.git",
        "tag": "v0.2.4",
        "commit": "b40e9b0612329288d75cf52ad14a7da64bb8618f"
      }
    }
  }
}
